
Microsoft Visual Studio Solution File, Format Version 12.00
# Visual Studio Version 16
VisualStudioVersion = 16.0.29521.150
MinimumVisualStudioVersion = 10.0.40219.1
Project("{9A19103F-16F7-4668-BE54-9A1E7A4F7556}") = "ECarPool", "ECarPool\ECarPool.csproj", "{68B0C982-858C-4454-80A1-C1BD8CA8AA71}"
EndProject
Project("{FAE04EC0-301F-11D3-BF4B-00C04F79EFBC}") = "ECarPoolWPF", "ECarPoolWPF\ECarPoolWPF.csproj", "{6D556F63-D4EE-4539-8FD5-2AB191586F56}"
EndProject
Global
	GlobalSection(SolutionConfigurationPlatforms) = preSolution
		Debug|Any CPU = Debug|Any CPU
		Release|Any CPU = Release|Any CPU
	EndGlobalSection
	GlobalSection(ProjectConfigurationPlatforms) = postSolution
		{68B0C982-858C-4454-80A1-C1BD8CA8AA71}.Debug|Any CPU.ActiveCfg = Debug|Any CPU
		{68B0C982-858C-4454-80A1-C1BD8CA8AA71}.Debug|Any CPU.Build.0 = Debug|Any CPU
		{68B0C982-858C-4454-80A1-C1BD8CA8AA71}.Release|Any CPU.ActiveCfg = Release|Any CPU
		{68B0C982-858C-4454-80A1-C1BD8CA8AA71}.Release|Any CPU.Build.0 = Release|Any CPU
		{6D556F63-D4EE-4539-8FD5-2AB191586F56}.Debug|Any CPU.ActiveCfg = Debug|Any CPU
		{6D556F63-D4EE-4539-8FD5-2AB191586F56}.Debug|Any CPU.Build.0 = Debug|Any CPU
		{6D556F63-D4EE-4539-8FD5-2AB191586F56}.Release|Any CPU.ActiveCfg = Release|Any CPU
		{6D556F63-D4EE-4539-8FD5-2AB191586F56}.Release|Any CPU.Build.0 = Release|Any CPU
	EndGlobalSection
	GlobalSection(SolutionProperties) = preSolution
		HideSolutionNode = FALSE
	EndGlobalSection
	GlobalSection(ExtensibilityGlobals) = postSolution
		SolutionGuid = {69B63F37-DA3F-42EC-9368-5E473735DD1F}
	EndGlobalSection
EndGlobal
